
Microsoft Visual Studio Solution File, Format Version 12.00
# Visual Studio Version 16
VisualStudioVersion = 16.0.28803.352
MinimumVisualStudioVersion = 10.0.40219.1
Project("{FAE04EC0-301F-11D3-BF4B-00C04F79EFBC}") = "Test", "Test\Test.csproj", "{D5759B61-0789-4226-A015-AF2D443799FF}"
EndProject
Global
	GlobalSection(SolutionConfigurationPlatforms) = preSolution
		Debug|Any CPU = Debug|Any CPU
		Release|Any CPU = Release|Any CPU
	EndGlobalSection
	GlobalSection(ProjectConfigurationPlatforms) = postSolution
		{D5759B61-0789-4226-A015-AF2D443799FF}.Debug|Any CPU.ActiveCfg = Debug|Any CPU
		{D5759B61-0789-4226-A015-AF2D443799FF}.Debug|Any CPU.Build.0 = Debug|Any CPU
		{D5759B61-0789-4226-A015-AF2D443799FF}.Release|Any CPU.ActiveCfg = Release|Any CPU
		{D5759B61-0789-4226-A015-AF2D443799FF}.Release|Any CPU.Build.0 = Release|Any CPU
	EndGlobalSection
	GlobalSection(SolutionProperties) = preSolution
		HideSolutionNode = FALSE
	EndGlobalSection
	GlobalSection(ExtensibilityGlobals) = postSolution
		SolutionGuid = {165F1D65-57F4-4276-9E5E-5AE9A518BE6C}
	EndGlobalSection
EndGlobal
